
Microsoft Visual Studio Solution File, Format Version 11.00
# Visual Studio 2010
Project("{FAE04EC0-301F-11D3-BF4B-00C04F79EFBC}") = "SimpleArcorePortal", "Assembly-CSharp.csproj", "{541B0E27-437E-7C78-FBFD-AF854DC2E332}"
EndProject
Project("{FAE04EC0-301F-11D3-BF4B-00C04F79EFBC}") = "SimpleArcorePortal", "Assembly-CSharp-Editor.csproj", "{4B3F74D9-E66F-4159-886A-8CC28493D4E3}"
EndProject
Global
	GlobalSection(SolutionConfigurationPlatforms) = preSolution
		Debug|Any CPU = Debug|Any CPU
		Release|Any CPU = Release|Any CPU
	EndGlobalSection
	GlobalSection(ProjectConfigurationPlatforms) = postSolution
		{541B0E27-437E-7C78-FBFD-AF854DC2E332}.Debug|Any CPU.ActiveCfg = Debug|Any CPU
		{541B0E27-437E-7C78-FBFD-AF854DC2E332}.Debug|Any CPU.Build.0 = Debug|Any CPU
		{541B0E27-437E-7C78-FBFD-AF854DC2E332}.Release|Any CPU.ActiveCfg = Release|Any CPU
		{541B0E27-437E-7C78-FBFD-AF854DC2E332}.Release|Any CPU.Build.0 = Release|Any CPU
		{4B3F74D9-E66F-4159-886A-8CC28493D4E3}.Debug|Any CPU.ActiveCfg = Debug|Any CPU
		{4B3F74D9-E66F-4159-886A-8CC28493D4E3}.Debug|Any CPU.Build.0 = Debug|Any CPU
		{4B3F74D9-E66F-4159-886A-8CC28493D4E3}.Release|Any CPU.ActiveCfg = Release|Any CPU
		{4B3F74D9-E66F-4159-886A-8CC28493D4E3}.Release|Any CPU.Build.0 = Release|Any CPU
	EndGlobalSection
	GlobalSection(SolutionProperties) = preSolution
		HideSolutionNode = FALSE
	EndGlobalSection
	GlobalSection(MonoDevelopProperties) = preSolution
		StartupItem = Assembly-CSharp.csproj
	EndGlobalSection
EndGlobal
